
Microsoft Visual Studio Solution File, Format Version 12.00
# Visual Studio Version 17
VisualStudioVersion = 17.10.35122.118
MinimumVisualStudioVersion = 10.0.40219.1
Project("{FAE04EC0-301F-11D3-BF4B-00C04F79EFBC}") = "HelloWorld", "HelloWorld\HelloWorld.csproj", "{52A5635C-9347-4E1D-AB95-3A62C14DD6E7}"
EndProject
Global
	GlobalSection(SolutionConfigurationPlatforms) = preSolution
		Debug|Any CPU = Debug|Any CPU
		Release|Any CPU = Release|Any CPU
	EndGlobalSection
	GlobalSection(ProjectConfigurationPlatforms) = postSolution
		{52A5635C-9347-4E1D-AB95-3A62C14DD6E7}.Debug|Any CPU.ActiveCfg = Debug|Any CPU
		{52A5635C-9347-4E1D-AB95-3A62C14DD6E7}.Debug|Any CPU.Build.0 = Debug|Any CPU
		{52A5635C-9347-4E1D-AB95-3A62C14DD6E7}.Release|Any CPU.ActiveCfg = Release|Any CPU
		{52A5635C-9347-4E1D-AB95-3A62C14DD6E7}.Release|Any CPU.Build.0 = Release|Any CPU
	EndGlobalSection
	GlobalSection(SolutionProperties) = preSolution
		HideSolutionNode = FALSE
	EndGlobalSection
	GlobalSection(ExtensibilityGlobals) = postSolution
		SolutionGuid = {685FF2DE-C2EB-4C55-9DB2-B991246CD7D0}
	EndGlobalSection
EndGlobal
